
Microsoft Visual Studio Solution File, Format Version 12.00
# Visual Studio 15
VisualStudioVersion = 15.0.27130.2036
MinimumVisualStudioVersion = 15.0.27130.2036
Project("{9A19103F-16F7-4668-BE54-9A1E7A4F7556}") = "WebApplication", "WebApplication\WebApplication.csproj", "{3D87D935-2CB1-484C-BC04-FDD8CFB31DF1}"
EndProject
Project("{9A19103F-16F7-4668-BE54-9A1E7A4F7556}") = "MailNotifier", "MailNotifier\MailNotifier.csproj", "{16F88081-C9DA-4449-AEFC-9665DF08FDE8}"
EndProject
Project("{9A19103F-16F7-4668-BE54-9A1E7A4F7556}") = "Database", "Database\Database.csproj", "{A71C3B8D-8C39-45BC-9750-07A882FF2A65}"
EndProject
Project("{9A19103F-16F7-4668-BE54-9A1E7A4F7556}") = "Authentication", "Authentication\Authentication.csproj", "{55D0D383-A76D-4FB3-BFE1-0ED702339F99}"
EndProject
Project("{9A19103F-16F7-4668-BE54-9A1E7A4F7556}") = "Authentication.Tests", "Authentication.Tests\Authentication.Tests.csproj", "{39A57B44-DB88-42C7-964D-6E664F997B74}"
EndProject
Project("{9A19103F-16F7-4668-BE54-9A1E7A4F7556}") = "Database.Tests", "Database.Tests\Database.Tests.csproj", "{C6F0A94A-A27B-4546-8558-2AA28DC400EE}"
EndProject
Project("{FAE04EC0-301F-11D3-BF4B-00C04F79EFBC}") = "Shared", "Shared\Shared.csproj", "{00BE4242-152D-420C-9FA2-29F234EFE97A}"
EndProject
Global
	GlobalSection(SolutionConfigurationPlatforms) = preSolution
		Debug|Any CPU = Debug|Any CPU
		Release|Any CPU = Release|Any CPU
	EndGlobalSection
	GlobalSection(ProjectConfigurationPlatforms) = postSolution
		{3D87D935-2CB1-484C-BC04-FDD8CFB31DF1}.Debug|Any CPU.ActiveCfg = Debug|Any CPU
		{3D87D935-2CB1-484C-BC04-FDD8CFB31DF1}.Debug|Any CPU.Build.0 = Debug|Any CPU
		{3D87D935-2CB1-484C-BC04-FDD8CFB31DF1}.Release|Any CPU.ActiveCfg = Release|Any CPU
		{3D87D935-2CB1-484C-BC04-FDD8CFB31DF1}.Release|Any CPU.Build.0 = Release|Any CPU
		{16F88081-C9DA-4449-AEFC-9665DF08FDE8}.Debug|Any CPU.ActiveCfg = Debug|Any CPU
		{16F88081-C9DA-4449-AEFC-9665DF08FDE8}.Debug|Any CPU.Build.0 = Debug|Any CPU
		{16F88081-C9DA-4449-AEFC-9665DF08FDE8}.Release|Any CPU.ActiveCfg = Release|Any CPU
		{16F88081-C9DA-4449-AEFC-9665DF08FDE8}.Release|Any CPU.Build.0 = Release|Any CPU
		{A71C3B8D-8C39-45BC-9750-07A882FF2A65}.Debug|Any CPU.ActiveCfg = Debug|Any CPU
		{A71C3B8D-8C39-45BC-9750-07A882FF2A65}.Debug|Any CPU.Build.0 = Debug|Any CPU
		{A71C3B8D-8C39-45BC-9750-07A882FF2A65}.Release|Any CPU.ActiveCfg = Release|Any CPU
		{A71C3B8D-8C39-45BC-9750-07A882FF2A65}.Release|Any CPU.Build.0 = Release|Any CPU
		{55D0D383-A76D-4FB3-BFE1-0ED702339F99}.Debug|Any CPU.ActiveCfg = Debug|Any CPU
		{55D0D383-A76D-4FB3-BFE1-0ED702339F99}.Debug|Any CPU.Build.0 = Debug|Any CPU
		{55D0D383-A76D-4FB3-BFE1-0ED702339F99}.Release|Any CPU.ActiveCfg = Release|Any CPU
		{55D0D383-A76D-4FB3-BFE1-0ED702339F99}.Release|Any CPU.Build.0 = Release|Any CPU
		{39A57B44-DB88-42C7-964D-6E664F997B74}.Debug|Any CPU.ActiveCfg = Debug|Any CPU
		{39A57B44-DB88-42C7-964D-6E664F997B74}.Debug|Any CPU.Build.0 = Debug|Any CPU
		{39A57B44-DB88-42C7-964D-6E664F997B74}.Release|Any CPU.ActiveCfg = Release|Any CPU
		{39A57B44-DB88-42C7-964D-6E664F997B74}.Release|Any CPU.Build.0 = Release|Any CPU
		{C6F0A94A-A27B-4546-8558-2AA28DC400EE}.Debug|Any CPU.ActiveCfg = Debug|Any CPU
		{C6F0A94A-A27B-4546-8558-2AA28DC400EE}.Debug|Any CPU.Build.0 = Debug|Any CPU
		{C6F0A94A-A27B-4546-8558-2AA28DC400EE}.Release|Any CPU.ActiveCfg = Release|Any CPU
		{C6F0A94A-A27B-4546-8558-2AA28DC400EE}.Release|Any CPU.Build.0 = Release|Any CPU
		{00BE4242-152D-420C-9FA2-29F234EFE97A}.Debug|Any CPU.ActiveCfg = Debug|Any CPU
		{00BE4242-152D-420C-9FA2-29F234EFE97A}.Debug|Any CPU.Build.0 = Debug|Any CPU
		{00BE4242-152D-420C-9FA2-29F234EFE97A}.Release|Any CPU.ActiveCfg = Release|Any CPU
		{00BE4242-152D-420C-9FA2-29F234EFE97A}.Release|Any CPU.Build.0 = Release|Any CPU
	EndGlobalSection
	GlobalSection(SolutionProperties) = preSolution
		HideSolutionNode = FALSE
	EndGlobalSection
	GlobalSection(ExtensibilityGlobals) = postSolution
		SolutionGuid = {B33CCC3A-953E-4B60-A177-FAB7AEDAA1AE}
	EndGlobalSection
EndGlobal
