
Microsoft Visual Studio Solution File, Format Version 12.00
# Visual Studio 15
VisualStudioVersion = 15.0.27130.2036
MinimumVisualStudioVersion = 15.0.27130.2036
Project("{FAE04EC0-301F-11D3-BF4B-00C04F79EFBC}") = "WebApplication", "WebApplication\WebApplication.csproj", "{3D87D935-2CB1-484C-BC04-FDD8CFB31DF1}"
EndProject
Project("{FAE04EC0-301F-11D3-BF4B-00C04F79EFBC}") = "MailNotifier", "MailNotifier\MailNotifier.csproj", "{16F88081-C9DA-4449-AEFC-9665DF08FDE8}"
EndProject
Project("{FAE04EC0-301F-11D3-BF4B-00C04F79EFBC}") = "Database", "Database\Database.csproj", "{A71C3B8D-8C39-45BC-9750-07A882FF2A65}"
EndProject
Project("{FAE04EC0-301F-11D3-BF4B-00C04F79EFBC}") = "Authentication", "Authentication\Authentication.csproj", "{55D0D383-A76D-4FB3-BFE1-0ED702339F99}"
EndProject
Project("{FAE04EC0-301F-11D3-BF4B-00C04F79EFBC}") = "External", "External\External.csproj", "{545E20E5-10BF-4690-BC7C-220A213E3922}"
EndProject
Global
	GlobalSection(SolutionConfigurationPlatforms) = preSolution
		Debug|Any CPU = Debug|Any CPU
		Release|Any CPU = Release|Any CPU
	EndGlobalSection
	GlobalSection(ProjectConfigurationPlatforms) = postSolution
		{3D87D935-2CB1-484C-BC04-FDD8CFB31DF1}.Debug|Any CPU.ActiveCfg = Debug|Any CPU
		{3D87D935-2CB1-484C-BC04-FDD8CFB31DF1}.Debug|Any CPU.Build.0 = Debug|Any CPU
		{3D87D935-2CB1-484C-BC04-FDD8CFB31DF1}.Release|Any CPU.ActiveCfg = Release|Any CPU
		{3D87D935-2CB1-484C-BC04-FDD8CFB31DF1}.Release|Any CPU.Build.0 = Release|Any CPU
		{16F88081-C9DA-4449-AEFC-9665DF08FDE8}.Debug|Any CPU.ActiveCfg = Debug|Any CPU
		{16F88081-C9DA-4449-AEFC-9665DF08FDE8}.Debug|Any CPU.Build.0 = Debug|Any CPU
		{16F88081-C9DA-4449-AEFC-9665DF08FDE8}.Release|Any CPU.ActiveCfg = Release|Any CPU
		{16F88081-C9DA-4449-AEFC-9665DF08FDE8}.Release|Any CPU.Build.0 = Release|Any CPU
		{A71C3B8D-8C39-45BC-9750-07A882FF2A65}.Debug|Any CPU.ActiveCfg = Debug|Any CPU
		{A71C3B8D-8C39-45BC-9750-07A882FF2A65}.Debug|Any CPU.Build.0 = Debug|Any CPU
		{A71C3B8D-8C39-45BC-9750-07A882FF2A65}.Release|Any CPU.ActiveCfg = Release|Any CPU
		{A71C3B8D-8C39-45BC-9750-07A882FF2A65}.Release|Any CPU.Build.0 = Release|Any CPU
		{55D0D383-A76D-4FB3-BFE1-0ED702339F99}.Debug|Any CPU.ActiveCfg = Debug|Any CPU
		{55D0D383-A76D-4FB3-BFE1-0ED702339F99}.Debug|Any CPU.Build.0 = Debug|Any CPU
		{55D0D383-A76D-4FB3-BFE1-0ED702339F99}.Release|Any CPU.ActiveCfg = Release|Any CPU
		{55D0D383-A76D-4FB3-BFE1-0ED702339F99}.Release|Any CPU.Build.0 = Release|Any CPU
		{545E20E5-10BF-4690-BC7C-220A213E3922}.Debug|Any CPU.ActiveCfg = Debug|Any CPU
		{545E20E5-10BF-4690-BC7C-220A213E3922}.Debug|Any CPU.Build.0 = Debug|Any CPU
		{545E20E5-10BF-4690-BC7C-220A213E3922}.Release|Any CPU.ActiveCfg = Release|Any CPU
		{545E20E5-10BF-4690-BC7C-220A213E3922}.Release|Any CPU.Build.0 = Release|Any CPU
	EndGlobalSection
	GlobalSection(SolutionProperties) = preSolution
		HideSolutionNode = FALSE
	EndGlobalSection
	GlobalSection(ExtensibilityGlobals) = postSolution
		SolutionGuid = {B33CCC3A-953E-4B60-A177-FAB7AEDAA1AE}
	EndGlobalSection
EndGlobal
